// !$*UTF8*$!
{
	archiveVersion = 1;
	classes = {
	};
	objectVersion = 56;
	objects = {

/* Begin PBXBuildFile section */
		AA3DA3D529FFA7A800D6D155 /* jarvisApp.swift in Sources */ = {isa = PBXBuildFile; fileRef = AA3DA3D429FFA7A800D6D155 /* jarvisApp.swift */; };
		AA3DA3D729FFA7A800D6D155 /* ContentView.swift in Sources */ = {isa = PBXBuildFile; fileRef = AA3DA3D629FFA7A800D6D155 /* ContentView.swift */; };
		AA3DA3D929FFA7A900D6D155 /* Assets.xcassets in Resources */ = {isa = PBXBuildFile; fileRef = AA3DA3D829FFA7A900D6D155 /* Assets.xcassets */; };
		AA3DA3DC29FFA7A900D6D155 /* Preview Assets.xcassets in Resources */ = {isa = PBXBuildFile; fileRef = AA3DA3DB29FFA7A900D6D155 /* Preview Assets.xcassets */; };
		AA3DA3E629FFA7AA00D6D155 /* jarvisTests.swift in Sources */ = {isa = PBXBuildFile; fileRef = AA3DA3E529FFA7AA00D6D155 /* jarvisTests.swift */; };
		AA3DA3F029FFA7AA00D6D155 /* jarvisUITests.swift in Sources */ = {isa = PBXBuildFile; fileRef = AA3DA3EF29FFA7AA00D6D155 /* jarvisUITests.swift */; };
		AA3DA3F229FFA7AA00D6D155 /* jarvisUITestsLaunchTests.swift in Sources */ = {isa = PBXBuildFile; fileRef = AA3DA3F129FFA7AA00D6D155 /* jarvisUITestsLaunchTests.swift */; };
/* End PBXBuildFile section */

/* Begin PBXContainerItemProxy section */
		AA3DA3E229FFA7AA00D6D155 /* PBXContainerItemProxy */ = {
			isa = PBXContainerItemProxy;
			containerPortal = AA3DA3C929FFA7A700D6D155 /* Project object */;
			proxyType = 1;
			remoteGlobalIDString = AA3DA3D029FFA7A800D6D155;
			remoteInfo = jarvis;
		};
		AA3DA3EC29FFA7AA00D6D155 /* PBXContainerItemProxy */ = {
			isa = PBXContainerItemProxy;
			containerPortal = AA3DA3C929FFA7A700D6D155 /* Project object */;
			proxyType = 1;
			remoteGlobalIDString = AA3DA3D029FFA7A800D6D155;
			remoteInfo = jarvis;
		};
/* End PBXContainerItemProxy section */

/* Begin PBXFileReference section */
		AA3DA3D129FFA7A800D6D155 /* jarvis.app */ = {isa = PBXFileReference; explicitFileType = wrapper.application; includeInIndex = 0; path = jarvis.app; sourceTree = BUILT_PRODUCTS_DIR; };
		AA3DA3D429FFA7A800D6D155 /* jarvisApp.swift */ = {isa = PBXFileReference; lastKnownFileType = sourcecode.swift; path = jarvisApp.swift; sourceTree = "<group>"; };
		AA3DA3D629FFA7A800D6D155 /* ContentView.swift */ = {isa = PBXFileReference; lastKnownFileType = sourcecode.swift; path = ContentView.swift; sourceTree = "<group>"; };
		AA3DA3D829FFA7A900D6D155 /* Assets.xcassets */ = {isa = PBXFileReference; lastKnownFileType = folder.assetcatalog; path = Assets.xcassets; sourceTree = "<group>"; };
		AA3DA3DB29FFA7A900D6D155 /* Preview Assets.xcassets */ = {isa = PBXFileReference; lastKnownFileType = folder.assetcatalog; path = "Preview Assets.xcassets"; sourceTree = "<group>"; };
		AA3DA3E129FFA7AA00D6D155 /* jarvisTests.xctest */ = {isa = PBXFileReference; explicitFileType = wrapper.cfbundle; includeInIndex = 0; path = jarvisTests.xctest; sourceTree = BUILT_PRODUCTS_DIR; };
		AA3DA3E529FFA7AA00D6D155 /* jarvisTests.swift */ = {isa = PBXFileReference; lastKnownFileType = sourcecode.swift; path = jarvisTests.swift; sourceTree = "<group>"; };
		AA3DA3EB29FFA7AA00D6D155 /* jarvisUITests.xctest */ = {isa = PBXFileReference; explicitFileType = wrapper.cfbundle; includeInIndex = 0; path = jarvisUITests.xctest; sourceTree = BUILT_PRODUCTS_DIR; };
		AA3DA3EF29FFA7AA00D6D155 /* jarvisUITests.swift */ = {isa = PBXFileReference; lastKnownFileType = sourcecode.swift; path = jarvisUITests.swift; sourceTree = "<group>"; };
		AA3DA3F129FFA7AA00D6D155 /* jarvisUITestsLaunchTests.swift */ = {isa = PBXFileReference; lastKnownFileType = sourcecode.swift; path = jarvisUITestsLaunchTests.swift; sourceTree = "<group>"; };
/* End PBXFileReference section */

/* Begin PBXFrameworksBuildPhase section */
		AA3DA3CE29FFA7A800D6D155 /* Frameworks */ = {
			isa = PBXFrameworksBuildPhase;
			buildActionMask = 2147483647;
			files = (
			);
			runOnlyForDeploymentPostprocessing = 0;
		};
		AA3DA3DE29FFA7AA00D6D155 /* Frameworks */ = {
			isa = PBXFrameworksBuildPhase;
			buildActionMask = 2147483647;
			files = (
			);
			runOnlyForDeploymentPostprocessing = 0;
		};
		AA3DA3E829FFA7AA00D6D155 /* Frameworks */ = {
			isa = PBXFrameworksBuildPhase;
			buildActionMask = 2147483647;
			files = (
			);
			runOnlyForDeploymentPostprocessing = 0;
		};
/* End PBXFrameworksBuildPhase section */

/* Begin PBXGroup section */
		AA3DA3C829FFA7A700D6D155 = {
			isa = PBXGroup;
			children = (
				AA3DA3D329FFA7A800D6D155 /* jarvis */,
				AA3DA3E429FFA7AA00D6D155 /* jarvisTests */,
				AA3DA3EE29FFA7AA00D6D155 /* jarvisUITests */,
				AA3DA3D229FFA7A800D6D155 /* Products */,
			);
			sourceTree = "<group>";
		};
		AA3DA3D229FFA7A800D6D155 /* Products */ = {
			isa = PBXGroup;
			children = (
				AA3DA3D129FFA7A800D6D155 /* jarvis.app */,
				AA3DA3E129FFA7AA00D6D155 /* jarvisTests.xctest */,
				AA3DA3EB29FFA7AA00D6D155 /* jarvisUITests.xctest */,
			);
			name = Products;
			sourceTree = "<group>";
		};
		AA3DA3D329FFA7A800D6D155 /* jarvis */ = {
			isa = PBXGroup;
			children = (
				AA3DA3D429FFA7A800D6D155 /* jarvisApp.swift */,
				AA3DA3D629FFA7A800D6D155 /* ContentView.swift */,
				AA3DA3D829FFA7A900D6D155 /* Assets.xcassets */,
				AA3DA3DA29FFA7A900D6D155 /* Preview Content */,
			);
			path = jarvis;
			sourceTree = "<group>";
		};
		AA3DA3DA29FFA7A900D6D155 /* Preview Content */ = {
			isa = PBXGroup;
			children = (
				AA3DA3DB29FFA7A900D6D155 /* Preview Assets.xcassets */,
			);
			path = "Preview Content";
			sourceTree = "<group>";
		};
		AA3DA3E429FFA7AA00D6D155 /* jarvisTests */ = {
			isa = PBXGroup;
			children = (
				AA3DA3E529FFA7AA00D6D155 /* jarvisTests.swift */,
			);
			path = jarvisTests;
			sourceTree = "<group>";
		};
		AA3DA3EE29FFA7AA00D6D155 /* jarvisUITests */ = {
			isa = PBXGroup;
			children = (
				AA3DA3EF29FFA7AA00D6D155 /* jarvisUITests.swift */,
				AA3DA3F129FFA7AA00D6D155 /* jarvisUITestsLaunchTests.swift */,
			);
			path = jarvisUITests;
			sourceTree = "<group>";
		};
/* End PBXGroup section */

/* Begin PBXNativeTarget section */
		AA3DA3D029FFA7A800D6D155 /* jarvis */ = {
			isa = PBXNativeTarget;
			buildConfigurationList = AA3DA3F529FFA7AA00D6D155 /* Build configuration list for PBXNativeTarget "jarvis" */;
			buildPhases = (
				AA3DA3CD29FFA7A800D6D155 /* Sources */,
				AA3DA3CE29FFA7A800D6D155 /* Frameworks */,
				AA3DA3CF29FFA7A800D6D155 /* Resources */,
			);
			buildRules = (
			);
			dependencies = (
			);
			name = jarvis;
			productName = jarvis;
			productReference = AA3DA3D129FFA7A800D6D155 /* jarvis.app */;
			productType = "com.apple.product-type.application";
		};
		AA3DA3E029FFA7AA00D6D155 /* jarvisTests */ = {
			isa = PBXNativeTarget;
			buildConfigurationList = AA3DA3F829FFA7AA00D6D155 /* Build configuration list for PBXNativeTarget "jarvisTests" */;
			buildPhases = (
				AA3DA3DD29FFA7AA00D6D155 /* Sources */,
				AA3DA3DE29FFA7AA00D6D155 /* Frameworks */,
				AA3DA3DF29FFA7AA00D6D155 /* Resources */,
			);
			buildRules = (
			);
			dependencies = (
				AA3DA3E329FFA7AA00D6D155 /* PBXTargetDependency */,
			);
			name = jarvisTests;
			productName = jarvisTests;
			productReference = AA3DA3E129FFA7AA00D6D155 /* jarvisTests.xctest */;
			productType = "com.apple.product-type.bundle.unit-test";
		};
		AA3DA3EA29FFA7AA00D6D155 /* jarvisUITests */ = {
			isa = PBXNativeTarget;
			buildConfigurationList = AA3DA3FB29FFA7AA00D6D155 /* Build configuration list for PBXNativeTarget "jarvisUITests" */;
			buildPhases = (
				AA3DA3E729FFA7AA00D6D155 /* Sources */,
				AA3DA3E829FFA7AA00D6D155 /* Frameworks */,
				AA3DA3E929FFA7AA00D6D155 /* Resources */,
			);
			buildRules = (
			);
			dependencies = (
				AA3DA3ED29FFA7AA00D6D155 /* PBXTargetDependency */,
			);
			name = jarvisUITests;
			productName = jarvisUITests;
			productReference = AA3DA3EB29FFA7AA00D6D155 /* jarvisUITests.xctest */;
			productType = "com.apple.product-type.bundle.ui-testing";
		};
/* End PBXNativeTarget section */

/* Begin PBXProject section */
		AA3DA3C929FFA7A700D6D155 /* Project object */ = {
			isa = PBXProject;
			attributes = {
				BuildIndependentTargetsInParallel = 1;
				LastSwiftUpdateCheck = 1430;
				LastUpgradeCheck = 1430;
				TargetAttributes = {
					AA3DA3D029FFA7A800D6D155 = {
						CreatedOnToolsVersion = 14.3;
					};
					AA3DA3E029FFA7AA00D6D155 = {
						CreatedOnToolsVersion = 14.3;
						TestTargetID = AA3DA3D029FFA7A800D6D155;
					};
					AA3DA3EA29FFA7AA00D6D155 = {
						CreatedOnToolsVersion = 14.3;
						TestTargetID = AA3DA3D029FFA7A800D6D155;
					};
				};
			};
			buildConfigurationList = AA3DA3CC29FFA7A700D6D155 /* Build configuration list for PBXProject "jarvis" */;
			compatibilityVersion = "Xcode 14.0";
			developmentRegion = en;
			hasScannedForEncodings = 0;
			knownRegions = (
				en,
				Base,
			);
			mainGroup = AA3DA3C829FFA7A700D6D155;
			productRefGroup = AA3DA3D229FFA7A800D6D155 /* Products */;
			projectDirPath = "";
			projectRoot = "";
			targets = (
				AA3DA3D029FFA7A800D6D155 /* jarvis */,
				AA3DA3E029FFA7AA00D6D155 /* jarvisTests */,
				AA3DA3EA29FFA7AA00D6D155 /* jarvisUITests */,
			);
		};
/* End PBXProject section */

/* Begin PBXResourcesBuildPhase section */
		AA3DA3CF29FFA7A800D6D155 /* Resources */ = {
			isa = PBXResourcesBuildPhase;
			buildActionMask = 2147483647;
			files = (
				AA3DA3DC29FFA7A900D6D155 /* Preview Assets.xcassets in Resources */,
				AA3DA3D929FFA7A900D6D155 /* Assets.xcassets in Resources */,
			);
			runOnlyForDeploymentPostprocessing = 0;
		};
		AA3DA3DF29FFA7AA00D6D155 /* Resources */ = {
			isa = PBXResourcesBuildPhase;
			buildActionMask = 2147483647;
			files = (
			);
			runOnlyForDeploymentPostprocessing = 0;
		};
		AA3DA3E929FFA7AA00D6D155 /* Resources */ = {
			isa = PBXResourcesBuildPhase;
			buildActionMask = 2147483647;
			files = (
			);
			runOnlyForDeploymentPostprocessing = 0;
		};
/* End PBXResourcesBuildPhase section */

/* Begin PBXSourcesBuildPhase section */
		AA3DA3CD29FFA7A800D6D155 /* Sources */ = {
			isa = PBXSourcesBuildPhase;
			buildActionMask = 2147483647;
			files = (
				AA3DA3D729FFA7A800D6D155 /* ContentView.swift in Sources */,
				AA3DA3D529FFA7A800D6D155 /* jarvisApp.swift in Sources */,
			);
			runOnlyForDeploymentPostprocessing = 0;
		};
		AA3DA3DD29FFA7AA00D6D155 /* Sources */ = {
			isa = PBXSourcesBuildPhase;
			buildActionMask = 2147483647;
			files = (
				AA3DA3E629FFA7AA00D6D155 /* jarvisTests.swift in Sources */,
			);
			runOnlyForDeploymentPostprocessing = 0;
		};
		AA3DA3E729FFA7AA00D6D155 /* Sources */ = {
			isa = PBXSourcesBuildPhase;
			buildActionMask = 2147483647;
			files = (
				AA3DA3F029FFA7AA00D6D155 /* jarvisUITests.swift in Sources */,
				AA3DA3F229FFA7AA00D6D155 /* jarvisUITestsLaunchTests.swift in Sources */,
			);
			runOnlyForDeploymentPostprocessing = 0;
		};
/* End PBXSourcesBuildPhase section */

/* Begin PBXTargetDependency section */
		AA3DA3E329FFA7AA00D6D155 /* PBXTargetDependency */ = {
			isa = PBXTargetDependency;
			target = AA3DA3D029FFA7A800D6D155 /* jarvis */;
			targetProxy = AA3DA3E229FFA7AA00D6D155 /* PBXContainerItemProxy */;
		};
		AA3DA3ED29FFA7AA00D6D155 /* PBXTargetDependency */ = {
			isa = PBXTargetDependency;
			target = AA3DA3D029FFA7A800D6D155 /* jarvis */;
			targetProxy = AA3DA3EC29FFA7AA00D6D155 /* PBXContainerItemProxy */;
		};
/* End PBXTargetDependency section */

/* Begin XCBuildConfiguration section */
		AA3DA3F329FFA7AA00D6D155 /* Debug */ = {
			isa = XCBuildConfiguration;
			buildSettings = {
				ALWAYS_SEARCH_USER_PATHS = NO;
				CLANG_ANALYZER_NONNULL = YES;
				CLANG_ANALYZER_NUMBER_OBJECT_CONVERSION = YES_AGGRESSIVE;
				CLANG_CXX_LANGUAGE_STANDARD = "gnu++20";
				CLANG_ENABLE_MODULES = YES;
				CLANG_ENABLE_OBJC_ARC = YES;
				CLANG_ENABLE_OBJC_WEAK = YES;
				CLANG_WARN_BLOCK_CAPTURE_AUTORELEASING = YES;
				CLANG_WARN_BOOL_CONVERSION = YES;
				CLANG_WARN_COMMA = YES;
				CLANG_WARN_CONSTANT_CONVERSION = YES;
				CLANG_WARN_DEPRECATED_OBJC_IMPLEMENTATIONS = YES;
				CLANG_WARN_DIRECT_OBJC_ISA_USAGE = YES_ERROR;
				CLANG_WARN_DOCUMENTATION_COMMENTS = YES;
				CLANG_WARN_EMPTY_BODY = YES;
				CLANG_WARN_ENUM_CONVERSION = YES;
				CLANG_WARN_INFINITE_RECURSION = YES;
				CLANG_WARN_INT_CONVERSION = YES;
				CLANG_WARN_NON_LITERAL_NULL_CONVERSION = YES;
				CLANG_WARN_OBJC_IMPLICIT_RETAIN_SELF = YES;
				CLANG_WARN_OBJC_LITERAL_CONVERSION = YES;
				CLANG_WARN_OBJC_ROOT_CLASS = YES_ERROR;
				CLANG_WARN_QUOTED_INCLUDE_IN_FRAMEWORK_HEADER = YES;
				CLANG_WARN_RANGE_LOOP_ANALYSIS = YES;
				CLANG_WARN_STRICT_PROTOTYPES = YES;
				CLANG_WARN_SUSPICIOUS_MOVE = YES;
				CLANG_WARN_UNGUARDED_AVAILABILITY = YES_AGGRESSIVE;
				CLANG_WARN_UNREACHABLE_CODE = YES;
				CLANG_WARN__DUPLICATE_METHOD_MATCH = YES;
				COPY_PHASE_STRIP = NO;
				DEBUG_INFORMATION_FORMAT = dwarf;
				ENABLE_STRICT_OBJC_MSGSEND = YES;
				ENABLE_TESTABILITY = YES;
				GCC_C_LANGUAGE_STANDARD = gnu11;
				GCC_DYNAMIC_NO_PIC = NO;
				GCC_NO_COMMON_BLOCKS = YES;
				GCC_OPTIMIZATION_LEVEL = 0;
				GCC_PREPROCESSOR_DEFINITIONS = (
					"DEBUG=1",
					"$(inherited)",
				);
				GCC_WARN_64_TO_32_BIT_CONVERSION = YES;
				GCC_WARN_ABOUT_RETURN_TYPE = YES_ERROR;
				GCC_WARN_UNDECLARED_SELECTOR = YES;
				GCC_WARN_UNINITIALIZED_AUTOS = YES_AGGRESSIVE;
				GCC_WARN_UNUSED_FUNCTION = YES;
				GCC_WARN_UNUSED_VARIABLE = YES;
				IPHONEOS_DEPLOYMENT_TARGET = 16.4;
				MTL_ENABLE_DEBUG_INFO = INCLUDE_SOURCE;
				MTL_FAST_MATH = YES;
				ONLY_ACTIVE_ARCH = YES;
				SDKROOT = iphoneos;
				SWIFT_ACTIVE_COMPILATION_CONDITIONS = DEBUG;
				SWIFT_OPTIMIZATION_LEVEL = "-Onone";
			};
			name = Debug;
		};
		AA3DA3F429FFA7AA00D6D155 /* Release */ = {
			isa = XCBuildConfiguration;
			buildSettings = {
				ALWAYS_SEARCH_USER_PATHS = NO;
				CLANG_ANALYZER_NONNULL = YES;
				CLANG_ANALYZER_NUMBER_OBJECT_CONVERSION = YES_AGGRESSIVE;
				CLANG_CXX_LANGUAGE_STANDARD = "gnu++20";
				CLANG_ENABLE_MODULES = YES;
				CLANG_ENABLE_OBJC_ARC = YES;
				CLANG_ENABLE_OBJC_WEAK = YES;
				CLANG_WARN_BLOCK_CAPTURE_AUTORELEASING = YES;
				CLANG_WARN_BOOL_CONVERSION = YES;
				CLANG_WARN_COMMA = YES;
				CLANG_WARN_CONSTANT_CONVERSION = YES;
				CLANG_WARN_DEPRECATED_OBJC_IMPLEMENTATIONS = YES;
				CLANG_WARN_DIRECT_OBJC_ISA_USAGE = YES_ERROR;
				CLANG_WARN_DOCUMENTATION_COMMENTS = YES;
				CLANG_WARN_EMPTY_BODY = YES;
				CLANG_WARN_ENUM_CONVERSION = YES;
				CLANG_WARN_INFINITE_RECURSION = YES;
				CLANG_WARN_INT_CONVERSION = YES;
				CLANG_WARN_NON_LITERAL_NULL_CONVERSION = YES;
				CLANG_WARN_OBJC_IMPLICIT_RETAIN_SELF = YES;
				CLANG_WARN_OBJC_LITERAL_CONVERSION = YES;
				CLANG_WARN_OBJC_ROOT_CLASS = YES_ERROR;
				CLANG_WARN_QUOTED_INCLUDE_IN_FRAMEWORK_HEADER = YES;
				CLANG_WARN_RANGE_LOOP_ANALYSIS = YES;
				CLANG_WARN_STRICT_PROTOTYPES = YES;
				CLANG_WARN_SUSPICIOUS_MOVE = YES;
				CLANG_WARN_UNGUARDED_AVAILABILITY = YES_AGGRESSIVE;
				CLANG_WARN_UNREACHABLE_CODE = YES;
				CLANG_WARN__DUPLICATE_METHOD_MATCH = YES;
				COPY_PHASE_STRIP = NO;
				DEBUG_INFORMATION_FORMAT = "dwarf-with-dsym";
				ENABLE_NS_ASSERTIONS = NO;
				ENABLE_STRICT_OBJC_MSGSEND = YES;
				GCC_C_LANGUAGE_STANDARD = gnu11;
				GCC_NO_COMMON_BLOCKS = YES;
				GCC_WARN_64_TO_32_BIT_CONVERSION = YES;
				GCC_WARN_ABOUT_RETURN_TYPE = YES_ERROR;
				GCC_WARN_UNDECLARED_SELECTOR = YES;
				GCC_WARN_UNINITIALIZED_AUTOS = YES_AGGRESSIVE;
				GCC_WARN_UNUSED_FUNCTION = YES;
				GCC_WARN_UNUSED_VARIABLE = YES;
				IPHONEOS_DEPLOYMENT_TARGET = 16.4;
				MTL_ENABLE_DEBUG_INFO = NO;
				MTL_FAST_MATH = YES;
				SDKROOT = iphoneos;
				SWIFT_COMPILATION_MODE = wholemodule;
				SWIFT_OPTIMIZATION_LEVEL = "-O";
				VALIDATE_PRODUCT = YES;
			};
			name = Release;
		};
		AA3DA3F629FFA7AA00D6D155 /* Debug */ = {
			isa = XCBuildConfiguration;
			buildSettings = {
				ASSETCATALOG_COMPILER_APPICON_NAME = AppIcon;
				ASSETCATALOG_COMPILER_GLOBAL_ACCENT_COLOR_NAME = AccentColor;
				CODE_SIGN_STYLE = Automatic;
				CURRENT_PROJECT_VERSION = 1;
				DEVELOPMENT_ASSET_PATHS = "\"jarvis/Preview Content\"";
				DEVELOPMENT_TEAM = 28J37YF4LP;
				ENABLE_PREVIEWS = YES;
				GENERATE_INFOPLIST_FILE = YES;
				INFOPLIST_KEY_UIApplicationSceneManifest_Generation = YES;
				INFOPLIST_KEY_UIApplicationSupportsIndirectInputEvents = YES;
				INFOPLIST_KEY_UILaunchScreen_Generation = YES;
				INFOPLIST_KEY_UISupportedInterfaceOrientations_iPad = "UIInterfaceOrientationPortrait UIInterfaceOrientationPortraitUpsideDown UIInterfaceOrientationLandscapeLeft UIInterfaceOrientationLandscapeRight";
				INFOPLIST_KEY_UISupportedInterfaceOrientations_iPhone = "UIInterfaceOrientationPortrait UIInterfaceOrientationLandscapeLeft UIInterfaceOrientationLandscapeRight";
				LD_RUNPATH_SEARCH_PATHS = (
					"$(inherited)",
					"@executable_path/Frameworks",
				);
				MARKETING_VERSION = 1.0;
				PRODUCT_BUNDLE_IDENTIFIER = seo.jarvis;
				PRODUCT_NAME = "$(TARGET_NAME)";
				SWIFT_EMIT_LOC_STRINGS = YES;
				SWIFT_VERSION = 5.0;
				TARGETED_DEVICE_FAMILY = "1,2";
			};
			name = Debug;
		};
		AA3DA3F729FFA7AA00D6D155 /* Release */ = {
			isa = XCBuildConfiguration;
			buildSettings = {
				ASSETCATALOG_COMPILER_APPICON_NAME = AppIcon;
				ASSETCATALOG_COMPILER_GLOBAL_ACCENT_COLOR_NAME = AccentColor;
				CODE_SIGN_STYLE = Automatic;
				CURRENT_PROJECT_VERSION = 1;
				DEVELOPMENT_ASSET_PATHS = "\"jarvis/Preview Content\"";
				DEVELOPMENT_TEAM = 28J37YF4LP;
				ENABLE_PREVIEWS = YES;
				GENERATE_INFOPLIST_FILE = YES;
				INFOPLIST_KEY_UIApplicationSceneManifest_Generation = YES;
				INFOPLIST_KEY_UIApplicationSupportsIndirectInputEvents = YES;
				INFOPLIST_KEY_UILaunchScreen_Generation = YES;
				INFOPLIST_KEY_UISupportedInterfaceOrientations_iPad = "UIInterfaceOrientationPortrait UIInterfaceOrientationPortraitUpsideDown UIInterfaceOrientationLandscapeLeft UIInterfaceOrientationLandscapeRight";
				INFOPLIST_KEY_UISupportedInterfaceOrientations_iPhone = "UIInterfaceOrientationPortrait UIInterfaceOrientationLandscapeLeft UIInterfaceOrientationLandscapeRight";
				LD_RUNPATH_SEARCH_PATHS = (
					"$(inherited)",
					"@executable_path/Frameworks",
				);
				MARKETING_VERSION = 1.0;
				PRODUCT_BUNDLE_IDENTIFIER = seo.jarvis;
				PRODUCT_NAME = "$(TARGET_NAME)";
				SWIFT_EMIT_LOC_STRINGS = YES;
				SWIFT_VERSION = 5.0;
				TARGETED_DEVICE_FAMILY = "1,2";
			};
			name = Release;
		};
		AA3DA3F929FFA7AA00D6D155 /* Debug */ = {
			isa = XCBuildConfiguration;
			buildSettings = {
				ALWAYS_EMBED_SWIFT_STANDARD_LIBRARIES = YES;
				BUNDLE_LOADER = "$(TEST_HOST)";
				CODE_SIGN_STYLE = Automatic;
				CURRENT_PROJECT_VERSION = 1;
				DEVELOPMENT_TEAM = 28J37YF4LP;
				GENERATE_INFOPLIST_FILE = YES;
				IPHONEOS_DEPLOYMENT_TARGET = 16.4;
				MARKETING_VERSION = 1.0;
				PRODUCT_BUNDLE_IDENTIFIER = seo.jarvisTests;
				PRODUCT_NAME = "$(TARGET_NAME)";
				SWIFT_EMIT_LOC_STRINGS = NO;
				SWIFT_VERSION = 5.0;
				TARGETED_DEVICE_FAMILY = "1,2";
				TEST_HOST = "$(BUILT_PRODUCTS_DIR)/jarvis.app/$(BUNDLE_EXECUTABLE_FOLDER_PATH)/jarvis";
			};
			name = Debug;
		};
		AA3DA3FA29FFA7AA00D6D155 /* Release */ = {
			isa = XCBuildConfiguration;
			buildSettings = {
				ALWAYS_EMBED_SWIFT_STANDARD_LIBRARIES = YES;
				BUNDLE_LOADER = "$(TEST_HOST)";
				CODE_SIGN_STYLE = Automatic;
				CURRENT_PROJECT_VERSION = 1;
				DEVELOPMENT_TEAM = 28J37YF4LP;
				GENERATE_INFOPLIST_FILE = YES;
				IPHONEOS_DEPLOYMENT_TARGET = 16.4;
				MARKETING_VERSION = 1.0;
				PRODUCT_BUNDLE_IDENTIFIER = seo.jarvisTests;
				PRODUCT_NAME = "$(TARGET_NAME)";
				SWIFT_EMIT_LOC_STRINGS = NO;
				SWIFT_VERSION = 5.0;
				TARGETED_DEVICE_FAMILY = "1,2";
				TEST_HOST = "$(BUILT_PRODUCTS_DIR)/jarvis.app/$(BUNDLE_EXECUTABLE_FOLDER_PATH)/jarvis";
			};
			name = Release;
		};
		AA3DA3FC29FFA7AA00D6D155 /* Debug */ = {
			isa = XCBuildConfiguration;
			buildSettings = {
				ALWAYS_EMBED_SWIFT_STANDARD_LIBRARIES = YES;
				CODE_SIGN_STYLE = Automatic;
				CURRENT_PROJECT_VERSION = 1;
				DEVELOPMENT_TEAM = 28J37YF4LP;
				GENERATE_INFOPLIST_FILE = YES;
				MARKETING_VERSION = 1.0;
				PRODUCT_BUNDLE_IDENTIFIER = seo.jarvisUITests;
				PRODUCT_NAME = "$(TARGET_NAME)";
				SWIFT_EMIT_LOC_STRINGS = NO;
				SWIFT_VERSION = 5.0;
				TARGETED_DEVICE_FAMILY = "1,2";
				TEST_TARGET_NAME = jarvis;
			};
			name = Debug;
		};
		AA3DA3FD29FFA7AA00D6D155 /* Release */ = {
			isa = XCBuildConfiguration;
			buildSettings = {
				ALWAYS_EMBED_SWIFT_STANDARD_LIBRARIES = YES;
				CODE_SIGN_STYLE = Automatic;
				CURRENT_PROJECT_VERSION = 1;
				DEVELOPMENT_TEAM = 28J37YF4LP;
				GENERATE_INFOPLIST_FILE = YES;
				MARKETING_VERSION = 1.0;
				PRODUCT_BUNDLE_IDENTIFIER = seo.jarvisUITests;
				PRODUCT_NAME = "$(TARGET_NAME)";
				SWIFT_EMIT_LOC_STRINGS = NO;
				SWIFT_VERSION = 5.0;
				TARGETED_DEVICE_FAMILY = "1,2";
				TEST_TARGET_NAME = jarvis;
			};
			name = Release;
		};
/* End XCBuildConfiguration section */

/* Begin XCConfigurationList section */
		AA3DA3CC29FFA7A700D6D155 /* Build configuration list for PBXProject "jarvis" */ = {
			isa = XCConfigurationList;
			buildConfigurations = (
				AA3DA3F329FFA7AA00D6D155 /* Debug */,
				AA3DA3F429FFA7AA00D6D155 /* Release */,
			);
			defaultConfigurationIsVisible = 0;
			defaultConfigurationName = Release;
		};
		AA3DA3F529FFA7AA00D6D155 /* Build configuration list for PBXNativeTarget "jarvis" */ = {
			isa = XCConfigurationList;
			buildConfigurations = (
				AA3DA3F629FFA7AA00D6D155 /* Debug */,
				AA3DA3F729FFA7AA00D6D155 /* Release */,
			);
			defaultConfigurationIsVisible = 0;
			defaultConfigurationName = Release;
		};
		AA3DA3F829FFA7AA00D6D155 /* Build configuration list for PBXNativeTarget "jarvisTests" */ = {
			isa = XCConfigurationList;
			buildConfigurations = (
				AA3DA3F929FFA7AA00D6D155 /* Debug */,
				AA3DA3FA29FFA7AA00D6D155 /* Release */,
			);
			defaultConfigurationIsVisible = 0;
			defaultConfigurationName = Release;
		};
		AA3DA3FB29FFA7AA00D6D155 /* Build configuration list for PBXNativeTarget "jarvisUITests" */ = {
			isa = XCConfigurationList;
			buildConfigurations = (
				AA3DA3FC29FFA7AA00D6D155 /* Debug */,
				AA3DA3FD29FFA7AA00D6D155 /* Release */,
			);
			defaultConfigurationIsVisible = 0;
			defaultConfigurationName = Release;
		};
/* End XCConfigurationList section */
	};
	rootObject = AA3DA3C929FFA7A700D6D155 /* Project object */;
}
